
Microsoft Visual Studio Solution File, Format Version 12.00
# Visual Studio Express 15 for Windows Desktop
VisualStudioVersion = 15.0.27703.2047
MinimumVisualStudioVersion = 10.0.40219.1
Project("{FAE04EC0-301F-11D3-BF4B-00C04F79EFBC}") = "ButtonCube", "ButtonCube\ButtonCube.csproj", "{1D83820D-B31C-4537-B24D-36CE537A44D0}"
EndProject
Global
	GlobalSection(SolutionConfigurationPlatforms) = preSolution
		Debug|Any CPU = Debug|Any CPU
		Release|Any CPU = Release|Any CPU
	EndGlobalSection
	GlobalSection(ProjectConfigurationPlatforms) = postSolution
		{1D83820D-B31C-4537-B24D-36CE537A44D0}.Debug|Any CPU.ActiveCfg = Debug|Any CPU
		{1D83820D-B31C-4537-B24D-36CE537A44D0}.Debug|Any CPU.Build.0 = Debug|Any CPU
		{1D83820D-B31C-4537-B24D-36CE537A44D0}.Release|Any CPU.ActiveCfg = Release|Any CPU
		{1D83820D-B31C-4537-B24D-36CE537A44D0}.Release|Any CPU.Build.0 = Release|Any CPU
	EndGlobalSection
	GlobalSection(SolutionProperties) = preSolution
		HideSolutionNode = FALSE
	EndGlobalSection
	GlobalSection(ExtensibilityGlobals) = postSolution
		SolutionGuid = {67224BFF-7E12-4853-B902-ED2F75608422}
	EndGlobalSection
EndGlobal
