
Microsoft Visual Studio Solution File, Format Version 12.00
# Visual Studio Express 15 for Windows Desktop
VisualStudioVersion = 15.0.27703.2047
MinimumVisualStudioVersion = 10.0.40219.1
Project("{FAE04EC0-301F-11D3-BF4B-00C04F79EFBC}") = "Pascals_Traiangle", "Pascals_Traiangle\Pascals_Traiangle.csproj", "{72AECC31-5216-4DBA-BE22-6D0986153DE7}"
EndProject
Project("{FAE04EC0-301F-11D3-BF4B-00C04F79EFBC}") = "SpiralMatrix", "SpiralMatrix\SpiralMatrix.csproj", "{10C27C27-ECBC-435A-AE28-58EF20D2FC6E}"
EndProject
Global
	GlobalSection(SolutionConfigurationPlatforms) = preSolution
		Debug|Any CPU = Debug|Any CPU
		Release|Any CPU = Release|Any CPU
	EndGlobalSection
	GlobalSection(ProjectConfigurationPlatforms) = postSolution
		{72AECC31-5216-4DBA-BE22-6D0986153DE7}.Debug|Any CPU.ActiveCfg = Debug|Any CPU
		{72AECC31-5216-4DBA-BE22-6D0986153DE7}.Debug|Any CPU.Build.0 = Debug|Any CPU
		{72AECC31-5216-4DBA-BE22-6D0986153DE7}.Release|Any CPU.ActiveCfg = Release|Any CPU
		{72AECC31-5216-4DBA-BE22-6D0986153DE7}.Release|Any CPU.Build.0 = Release|Any CPU
		{10C27C27-ECBC-435A-AE28-58EF20D2FC6E}.Debug|Any CPU.ActiveCfg = Debug|Any CPU
		{10C27C27-ECBC-435A-AE28-58EF20D2FC6E}.Debug|Any CPU.Build.0 = Debug|Any CPU
		{10C27C27-ECBC-435A-AE28-58EF20D2FC6E}.Release|Any CPU.ActiveCfg = Release|Any CPU
		{10C27C27-ECBC-435A-AE28-58EF20D2FC6E}.Release|Any CPU.Build.0 = Release|Any CPU
	EndGlobalSection
	GlobalSection(SolutionProperties) = preSolution
		HideSolutionNode = FALSE
	EndGlobalSection
	GlobalSection(ExtensibilityGlobals) = postSolution
		SolutionGuid = {7C4BB9AA-85C0-420B-BDA4-AC52D2334646}
	EndGlobalSection
EndGlobal
