
Microsoft Visual Studio Solution File, Format Version 12.00
# Visual Studio Express 15 for Windows Desktop
VisualStudioVersion = 15.0.27703.2047
MinimumVisualStudioVersion = 10.0.40219.1
Project("{FAE04EC0-301F-11D3-BF4B-00C04F79EFBC}") = "PaintRectangle", "PaintRectangle\PaintRectangle.csproj", "{46E535B1-A331-4ADB-B7FB-D2308C8487B9}"
EndProject
Global
	GlobalSection(SolutionConfigurationPlatforms) = preSolution
		Debug|Any CPU = Debug|Any CPU
		Release|Any CPU = Release|Any CPU
	EndGlobalSection
	GlobalSection(ProjectConfigurationPlatforms) = postSolution
		{46E535B1-A331-4ADB-B7FB-D2308C8487B9}.Debug|Any CPU.ActiveCfg = Debug|Any CPU
		{46E535B1-A331-4ADB-B7FB-D2308C8487B9}.Debug|Any CPU.Build.0 = Debug|Any CPU
		{46E535B1-A331-4ADB-B7FB-D2308C8487B9}.Release|Any CPU.ActiveCfg = Release|Any CPU
		{46E535B1-A331-4ADB-B7FB-D2308C8487B9}.Release|Any CPU.Build.0 = Release|Any CPU
	EndGlobalSection
	GlobalSection(SolutionProperties) = preSolution
		HideSolutionNode = FALSE
	EndGlobalSection
	GlobalSection(ExtensibilityGlobals) = postSolution
		SolutionGuid = {CD1C1CD9-FFCB-4847-91C6-C554794E3038}
	EndGlobalSection
EndGlobal
